{
  "name": "nodejsaudio",
  "version": "1.0.0",
  "lockfileVersion": 1,
  "requires": true,
  "dependencies": {
    "atob-lite": {
      "version": "1.0.0",
      "resolved": "https://registry.npmjs.org/atob-lite/-/atob-lite-1.0.0.tgz",
      "integrity": "sha1-uI3KYAaSK5YglPdVaCa6sxxKKWs="
    },
    "audio-buffer": {
      "version": "3.2.1",
      "resolved": "https://registry.npmjs.org/audio-buffer/-/audio-buffer-3.2.1.tgz",
      "integrity": "sha1-y/8sFXf7CvxckjKQLVQ7L5bdQz0=",
      "requires": {
        "audio-context": "1.0.3",
        "buffer-to-arraybuffer": "0.0.5",
        "is-audio-buffer": "1.1.0",
        "is-browser": "2.1.0",
        "is-buffer": "1.1.6",
        "is-plain-obj": "1.1.0"
      }
    },
    "audio-buffer-list": {
      "version": "2.0.7",
      "resolved": "https://registry.npmjs.org/audio-buffer-list/-/audio-buffer-list-2.0.7.tgz",
      "integrity": "sha1-iL5ug1F0MpVSsBQzAlwnx6189dY=",
      "requires": {
        "audio-buffer": "3.2.1",
        "audio-buffer-utils": "4.3.2",
        "inherits": "2.0.3",
        "is-audio-buffer": "1.1.0",
        "is-plain-obj": "1.1.0",
        "negative-index": "1.0.3",
        "object-assign": "4.1.1"
      }
    },
    "audio-buffer-utils": {
      "version": "4.3.2",
      "resolved": "https://registry.npmjs.org/audio-buffer-utils/-/audio-buffer-utils-4.3.2.tgz",
      "integrity": "sha1-1VX67Y1s7rEgYZ45+mkTdPIQM4A=",
      "requires": {
        "audio-buffer": "3.2.1",
        "audio-context": "1.0.3",
        "clamp": "1.0.1",
        "is-audio-buffer": "1.1.0",
        "is-browser": "2.1.0",
        "negative-index": "1.0.3",
        "typedarray-methods": "1.0.1"
      }
    },
    "audio-context": {
      "version": "1.0.3",
      "resolved": "https://registry.npmjs.org/audio-context/-/audio-context-1.0.3.tgz",
      "integrity": "sha512-RH3/rM74f2ITlohhjgC7oYZVS97wtv/SEjXLCzEinnrIPIDxc39m2aFc6wmdkM0NYRKo1DMleYPMAIbnTRW0eA=="
    },
    "audio-generator": {
      "version": "2.1.2",
      "resolved": "https://registry.npmjs.org/audio-generator/-/audio-generator-2.1.2.tgz",
      "integrity": "sha1-lEhPofavlHuNoDhi9NzuhLe81ak=",
      "requires": {
        "audio-buffer": "2.4.6",
        "audio-buffer-utils": "4.3.2",
        "audio-through": "2.2.3",
        "inherits": "2.0.3",
        "pcm-util": "2.1.0",
        "xtend": "4.0.1"
      },
      "dependencies": {
        "audio-buffer": {
          "version": "2.4.6",
          "resolved": "https://registry.npmjs.org/audio-buffer/-/audio-buffer-2.4.6.tgz",
          "integrity": "sha1-L5e9srucpG0i07AdQzT0mSTromA=",
          "requires": {
            "audio-context": "1.0.3",
            "buffer-to-arraybuffer": "0.0.5",
            "is-audio-buffer": "1.1.0",
            "is-browser": "2.1.0",
            "is-buffer": "1.1.6"
          }
        },
        "audio-context": {
          "version": "1.0.3",
          "resolved": "https://registry.npmjs.org/audio-context/-/audio-context-1.0.3.tgz",
          "integrity": "sha512-RH3/rM74f2ITlohhjgC7oYZVS97wtv/SEjXLCzEinnrIPIDxc39m2aFc6wmdkM0NYRKo1DMleYPMAIbnTRW0eA=="
        },
        "buffer-to-arraybuffer": {
          "version": "0.0.5",
          "resolved": "https://registry.npmjs.org/buffer-to-arraybuffer/-/buffer-to-arraybuffer-0.0.5.tgz",
          "integrity": "sha1-YGSkD6dutDxyOrqe+PbhIW0QURo="
        }
      }
    },
    "audio-sink": {
      "version": "1.1.6",
      "resolved": "https://registry.npmjs.org/audio-sink/-/audio-sink-1.1.6.tgz",
      "integrity": "sha1-4UVOsTeFIimNIXC3ywMsM/0faIU=",
      "optional": true,
      "requires": {
        "inherits": "2.0.3",
        "xtend": "4.0.1"
      }
    },
    "audio-speaker": {
      "version": "1.5.0",
      "resolved": "https://registry.npmjs.org/audio-speaker/-/audio-speaker-1.5.0.tgz",
      "integrity": "sha1-SUluGps0PUKBGeKFXxGE7oLU7lM=",
      "requires": {
        "audio-sink": "1.1.6",
        "audio-through": "2.2.3",
        "inherits": "2.0.3",
        "is-audio-buffer": "1.1.0",
        "object-assign": "4.1.1",
        "pcm-util": "2.1.0",
        "pull-stream": "3.6.9",
        "speaker": "0.3.1",
        "web-audio-stream": "3.0.1"
      }
    },
    "audio-through": {
      "version": "2.2.3",
      "resolved": "https://registry.npmjs.org/audio-through/-/audio-through-2.2.3.tgz",
      "integrity": "sha1-FPyMN7YT0chwz67gS/RFTCiVn78=",
      "requires": {
        "audio-buffer": "3.2.1",
        "audio-context": "1.0.3",
        "inherits": "2.0.3",
        "is-audio-buffer": "1.1.0",
        "is-promise": "2.1.0",
        "object-assign": "4.1.1",
        "pcm-util": "2.1.0",
        "performance-now": "2.1.0"
      }
    },
    "bindings": {
      "version": "1.3.1",
      "resolved": "https://registry.npmjs.org/bindings/-/bindings-1.3.1.tgz",
      "integrity": "sha512-i47mqjF9UbjxJhxGf+pZ6kSxrnI3wBLlnGI2ArWJ4r0VrvDS7ZYXkprq/pLaBWYq4GM0r4zdHY+NNRqEMU7uew==",
      "optional": true
    },
    "buffer-to-arraybuffer": {
      "version": "0.0.5",
      "resolved": "https://registry.npmjs.org/buffer-to-arraybuffer/-/buffer-to-arraybuffer-0.0.5.tgz",
      "integrity": "sha1-YGSkD6dutDxyOrqe+PbhIW0QURo="
    },
    "clamp": {
      "version": "1.0.1",
      "resolved": "https://registry.npmjs.org/clamp/-/clamp-1.0.1.tgz",
      "integrity": "sha1-ZqDmQBGBbjcZaCj9yMjBRzEshjQ="
    },
    "core-util-is": {
      "version": "1.0.2",
      "resolved": "https://registry.npmjs.org/core-util-is/-/core-util-is-1.0.2.tgz",
      "integrity": "sha1-tf1UIgqivFq1eqtxQMlAdUUDwac=",
      "optional": true
    },
    "data-uri-regex": {
      "version": "0.1.4",
      "resolved": "https://registry.npmjs.org/data-uri-regex/-/data-uri-regex-0.1.4.tgz",
      "integrity": "sha1-Hh22yDl+yopI7NtVrRuSfsC7rC4="
    },
    "debug": {
      "version": "2.6.9",
      "resolved": "https://registry.npmjs.org/debug/-/debug-2.6.9.tgz",
      "integrity": "sha512-bC7ElrdJaJnPbAP+1EotYvqZsb3ecl5wi6Bfi6BJTUcNowp6cvspg0jXznRTKDjm/E7AdgFBVeAPVMNcKGsHMA==",
      "optional": true,
      "requires": {
        "ms": "2.0.0"
      }
    },
    "inherits": {
      "version": "2.0.3",
      "resolved": "https://registry.npmjs.org/inherits/-/inherits-2.0.3.tgz",
      "integrity": "sha1-Yzwsg+PaQqUC9SRmAiSA9CCCYd4="
    },
    "is-audio-buffer": {
      "version": "1.1.0",
      "resolved": "https://registry.npmjs.org/is-audio-buffer/-/is-audio-buffer-1.1.0.tgz",
      "integrity": "sha512-fmPC/dizJmP4ITCsW5oTQGMJ9wZVE+A/zAe6FQo3XwgERxmXHmm3ON5XkWDAxmyxvsrDmWx3NArpSgamp/59AA=="
    },
    "is-browser": {
      "version": "2.1.0",
      "resolved": "https://registry.npmjs.org/is-browser/-/is-browser-2.1.0.tgz",
      "integrity": "sha512-F5rTJxDQ2sW81fcfOR1GnCXT6sVJC104fCyfj+mjpwNEwaPYSn5fte5jiHmBg3DHsIoL/l8Kvw5VN5SsTRcRFQ=="
    },
    "is-buffer": {
      "version": "1.1.6",
      "resolved": "https://registry.npmjs.org/is-buffer/-/is-buffer-1.1.6.tgz",
      "integrity": "sha512-NcdALwpXkTm5Zvvbk7owOUSvVvBKDgKP5/ewfXEznmQFfs4ZRmanOeKBTjRVjka3QFoN6XJ+9F3USqfHqTaU5w=="
    },
    "is-data-uri": {
      "version": "0.1.0",
      "resolved": "https://registry.npmjs.org/is-data-uri/-/is-data-uri-0.1.0.tgz",
      "integrity": "sha1-Ru5ntjwYwf+gvU36ss0sgccoI38=",
      "requires": {
        "data-uri-regex": "0.1.4"
      }
    },
    "is-plain-obj": {
      "version": "1.1.0",
      "resolved": "https://registry.npmjs.org/is-plain-obj/-/is-plain-obj-1.1.0.tgz",
      "integrity": "sha1-caUMhCnfync8kqOQpKA7OfzVHT4="
    },
    "is-promise": {
      "version": "2.1.0",
      "resolved": "https://registry.npmjs.org/is-promise/-/is-promise-2.1.0.tgz",
      "integrity": "sha1-eaKp7OfwlugPNtKy87wWwf9L8/o="
    },
    "isarray": {
      "version": "1.0.0",
      "resolved": "https://registry.npmjs.org/isarray/-/isarray-1.0.0.tgz",
      "integrity": "sha1-u5NdSFgsuhaMBoNJV6VKPgcSTxE=",
      "optional": true
    },
    "ms": {
      "version": "2.0.0",
      "resolved": "https://registry.npmjs.org/ms/-/ms-2.0.0.tgz",
      "integrity": "sha1-VgiurfwAvmwpAd9fmGF4jeDVl8g=",
      "optional": true
    },
    "nan": {
      "version": "2.12.1",
      "resolved": "https://registry.npmjs.org/nan/-/nan-2.12.1.tgz",
      "integrity": "sha512-JY7V6lRkStKcKTvHO5NVSQRv+RV+FIL5pvDoLiAtSL9pKlC5x9PKQcZDsq7m4FO4d57mkhC6Z+QhAh3Jdk5JFw==",
      "optional": true
    },
    "negative-index": {
      "version": "1.0.3",
      "resolved": "https://registry.npmjs.org/negative-index/-/negative-index-1.0.3.tgz",
      "integrity": "sha512-SzyzUmUYmerjD9gOEqizFRcDakY+Cf/59rOfqMi4bT212PN6g+jkUOjr/Sx9oOUOxi7qf6dsRwE0PPeRIq4DRw==",
      "requires": {
        "negative-zero": "2.0.0"
      }
    },
    "negative-zero": {
      "version": "2.0.0",
      "resolved": "https://registry.npmjs.org/negative-zero/-/negative-zero-2.0.0.tgz",
      "integrity": "sha1-7jAaowFLQBgJFqGeN3kqN1ZwhVc="
    },
    "node-fetch": {
      "version": "2.6.7",
      "resolved": "https://registry.npmjs.org/node-fetch/-/node-fetch-2.6.7.tgz",
      "integrity": "sha512-ZjMPFEfVx5j+y2yF35Kzx5sF7kDzxuDj6ziH4FFbOp87zKDZNx8yExJIb05OGF4Nlt9IHFIMBkRl41VdvcNdbQ==",
      "requires": {
        "whatwg-url": "^5.0.0"
      }
    },
    "object-assign": {
      "version": "4.1.1",
      "resolved": "https://registry.npmjs.org/object-assign/-/object-assign-4.1.1.tgz",
      "integrity": "sha1-IQmtx5ZYh8/AXLvUQsrIv7s2CGM="
    },
    "pcm-util": {
      "version": "2.1.0",
      "resolved": "https://registry.npmjs.org/pcm-util/-/pcm-util-2.1.0.tgz",
      "integrity": "sha1-UazkawngEX+5L2VPYy3LLtnIYGU=",
      "requires": {
        "audio-buffer": "3.2.1",
        "is-audio-buffer": "1.1.0",
        "is-buffer": "1.1.6",
        "to-array-buffer": "1.2.4"
      }
    },
    "performance-now": {
      "version": "2.1.0",
      "resolved": "https://registry.npmjs.org/performance-now/-/performance-now-2.1.0.tgz",
      "integrity": "sha1-Ywn04OX6kT7BxpMHrjZLSzd8nns="
    },
    "process-nextick-args": {
      "version": "2.0.0",
      "resolved": "https://registry.npmjs.org/process-nextick-args/-/process-nextick-args-2.0.0.tgz",
      "integrity": "sha512-MtEC1TqN0EU5nephaJ4rAtThHtC86dNN9qCuEhtshvpVBkAW5ZO7BASN9REnF9eoXGcRub+pFuKEpOHE+HbEMw==",
      "optional": true
    },
    "pull-stream": {
      "version": "3.6.9",
      "resolved": "https://registry.npmjs.org/pull-stream/-/pull-stream-3.6.9.tgz",
      "integrity": "sha512-hJn4POeBrkttshdNl0AoSCVjMVSuBwuHocMerUdoZ2+oIUzrWHFTwJMlbHND7OiKLVgvz6TFj8ZUVywUMXccbw=="
    },
    "readable-stream": {
      "version": "2.3.6",
      "resolved": "http://registry.npmjs.org/readable-stream/-/readable-stream-2.3.6.tgz",
      "integrity": "sha512-tQtKA9WIAhBF3+VLAseyMqZeBjW0AHJoxOtYqSUZNJxauErmLbVm2FW1y+J/YA9dUrAC39ITejlZWhVIwawkKw==",
      "optional": true,
      "requires": {
        "core-util-is": "1.0.2",
        "inherits": "2.0.3",
        "isarray": "1.0.0",
        "process-nextick-args": "2.0.0",
        "safe-buffer": "5.1.2",
        "string_decoder": "1.1.1",
        "util-deprecate": "1.0.2"
      }
    },
    "safe-buffer": {
      "version": "5.1.2",
      "resolved": "https://registry.npmjs.org/safe-buffer/-/safe-buffer-5.1.2.tgz",
      "integrity": "sha512-Gd2UZBJDkXlY7GbJxfsE8/nvKkUEU1G38c1siN6QP6a9PT9MmHB8GnpscSmMJSoF8LOIrt8ud/wPtojys4G6+g==",
      "optional": true
    },
    "speaker": {
      "version": "0.3.1",
      "resolved": "https://registry.npmjs.org/speaker/-/speaker-0.3.1.tgz",
      "integrity": "sha512-LEqSy+FHYHPZj4kX8NHylzaOmy+VIqj57enm2GS4B568hj0SdKDYa9jALCGQy43LZa/JmQk1iF0nlMVbS1PfPg==",
      "optional": true,
      "requires": {
        "bindings": "1.3.1",
        "debug": "2.6.9",
        "nan": "2.12.1",
        "readable-stream": "2.3.6"
      }
    },
    "string_decoder": {
      "version": "1.1.1",
      "resolved": "http://registry.npmjs.org/string_decoder/-/string_decoder-1.1.1.tgz",
      "integrity": "sha512-n/ShnvDi6FHbbVfviro+WojiFzv+s8MPMHBczVePfUpDJLwoLT0ht1l4YwBCbi8pJAveEEdnkHyPyTP/mzRfwg==",
      "optional": true,
      "requires": {
        "safe-buffer": "5.1.2"
      }
    },
    "to-array-buffer": {
      "version": "1.2.4",
      "resolved": "https://registry.npmjs.org/to-array-buffer/-/to-array-buffer-1.2.4.tgz",
      "integrity": "sha1-fv3DGUpaDSsLqT+6nT7cM6EllHM=",
      "requires": {
        "atob-lite": "1.0.0",
        "is-audio-buffer": "1.1.0",
        "is-data-uri": "0.1.0"
      }
    },
    "tr46": {
      "version": "0.0.3",
      "resolved": "https://registry.npmjs.org/tr46/-/tr46-0.0.3.tgz",
      "integrity": "sha512-N3WMsuqV66lT30CrXNbEjx4GEwlow3v6rr4mCcv6prnfwhS01rkgyFdjPNBYd9br7LpXV1+Emh01fHnq2Gdgrw=="
    },
    "typedarray-methods": {
      "version": "1.0.1",
      "resolved": "https://registry.npmjs.org/typedarray-methods/-/typedarray-methods-1.0.1.tgz",
      "integrity": "sha512-fstWAa225OZ856/4npMqgJP6U1U3vTWnqkn9wokZXzME9pORW9dV8u/v1VRGpo584udKMvCIYlNXzKoIb+UUGg=="
    },
    "util-deprecate": {
      "version": "1.0.2",
      "resolved": "https://registry.npmjs.org/util-deprecate/-/util-deprecate-1.0.2.tgz",
      "integrity": "sha1-RQ1Nyfpw3nMnYvvS1KKJgUGaDM8=",
      "optional": true
    },
    "web-audio-stream": {
      "version": "3.0.1",
      "resolved": "https://registry.npmjs.org/web-audio-stream/-/web-audio-stream-3.0.1.tgz",
      "integrity": "sha1-sR0bHKzhYepKCYwm9nRK/K3HCw4=",
      "requires": {
        "audio-buffer-list": "2.0.7",
        "audio-buffer-utils": "4.3.2",
        "audio-context": "1.0.3",
        "inherits": "2.0.3",
        "is-audio-buffer": "1.1.0",
        "is-plain-obj": "1.1.0",
        "object-assign": "4.1.1",
        "pcm-util": "2.1.0",
        "pull-stream": "3.6.9"
      }
    },
    "webidl-conversions": {
      "version": "3.0.1",
      "resolved": "https://registry.npmjs.org/webidl-conversions/-/webidl-conversions-3.0.1.tgz",
      "integrity": "sha512-2JAn3z8AR6rjK8Sm8orRC0h/bcl/DqL7tRPdGZ4I1CjdF+EaMLmYxBHyXuKL849eucPFhvBoxMsflfOb8kxaeQ=="
    },
    "whatwg-url": {
      "version": "5.0.0",
      "resolved": "https://registry.npmjs.org/whatwg-url/-/whatwg-url-5.0.0.tgz",
      "integrity": "sha512-saE57nupxk6v3HY35+jzBwYa0rKSy0XR8JSxZPwgLr7ys0IBzhGviA1/TUGJLmSVqs8pb9AnvICXEuOHLprYTw==",
      "requires": {
        "tr46": "~0.0.3",
        "webidl-conversions": "^3.0.0"
      }
    },
    "xtend": {
      "version": "4.0.1",
      "resolved": "https://registry.npmjs.org/xtend/-/xtend-4.0.1.tgz",
      "integrity": "sha1-pcbVMr5lbiPbgg77lDofBJmNY68="
    }
  }
}
