
Microsoft Visual Studio Solution File, Format Version 12.00
# Visual Studio 15
VisualStudioVersion = 15.0.27428.2005
MinimumVisualStudioVersion = 10.0.40219.1
Project("{6EC3EE1D-3C4E-46DD-8F32-0CC8E7565705}") = "FSiren", "FSiren\FSiren.fsproj", "{4F32D2D1-AC7F-40FB-B449-9F010FCA5095}"
EndProject
Project("{F2A71F9B-5D33-465A-A702-920D77279786}") = "FSiren.NAudio", "FSiren.NAudio\FSiren.NAudio.fsproj", "{2C9CF000-4503-431C-8CE4-7A80C5829459}"
EndProject
Project("{2150E333-8FDC-42A3-9474-1A3956D46DE8}") = "lib", "lib", "{E8E8B571-778E-40EA-9E81-DE7A4EE94E56}"
EndProject
Project("{2150E333-8FDC-42A3-9474-1A3956D46DE8}") = "test", "test", "{919E9C5C-E9F5-41DF-BBBD-F66D9746A1D8}"
EndProject
Project("{F2A71F9B-5D33-465A-A702-920D77279786}") = "FSiren.Console", "FSiren.Console\FSiren.Console.fsproj", "{A5F804EC-A187-4BCA-A1BC-3EB7FFD818A3}"
EndProject
Global
	GlobalSection(SolutionConfigurationPlatforms) = preSolution
		Debug|Any CPU = Debug|Any CPU
		Release|Any CPU = Release|Any CPU
	EndGlobalSection
	GlobalSection(ProjectConfigurationPlatforms) = postSolution
		{4F32D2D1-AC7F-40FB-B449-9F010FCA5095}.Debug|Any CPU.ActiveCfg = Debug|Any CPU
		{4F32D2D1-AC7F-40FB-B449-9F010FCA5095}.Debug|Any CPU.Build.0 = Debug|Any CPU
		{4F32D2D1-AC7F-40FB-B449-9F010FCA5095}.Release|Any CPU.ActiveCfg = Release|Any CPU
		{4F32D2D1-AC7F-40FB-B449-9F010FCA5095}.Release|Any CPU.Build.0 = Release|Any CPU
		{2C9CF000-4503-431C-8CE4-7A80C5829459}.Debug|Any CPU.ActiveCfg = Debug|Any CPU
		{2C9CF000-4503-431C-8CE4-7A80C5829459}.Debug|Any CPU.Build.0 = Debug|Any CPU
		{2C9CF000-4503-431C-8CE4-7A80C5829459}.Release|Any CPU.ActiveCfg = Release|Any CPU
		{2C9CF000-4503-431C-8CE4-7A80C5829459}.Release|Any CPU.Build.0 = Release|Any CPU
		{A5F804EC-A187-4BCA-A1BC-3EB7FFD818A3}.Debug|Any CPU.ActiveCfg = Debug|x86
		{A5F804EC-A187-4BCA-A1BC-3EB7FFD818A3}.Debug|Any CPU.Build.0 = Debug|x86
		{A5F804EC-A187-4BCA-A1BC-3EB7FFD818A3}.Release|Any CPU.ActiveCfg = Release|Any CPU
		{A5F804EC-A187-4BCA-A1BC-3EB7FFD818A3}.Release|Any CPU.Build.0 = Release|Any CPU
	EndGlobalSection
	GlobalSection(SolutionProperties) = preSolution
		HideSolutionNode = FALSE
	EndGlobalSection
	GlobalSection(NestedProjects) = preSolution
		{4F32D2D1-AC7F-40FB-B449-9F010FCA5095} = {E8E8B571-778E-40EA-9E81-DE7A4EE94E56}
		{2C9CF000-4503-431C-8CE4-7A80C5829459} = {E8E8B571-778E-40EA-9E81-DE7A4EE94E56}
		{A5F804EC-A187-4BCA-A1BC-3EB7FFD818A3} = {919E9C5C-E9F5-41DF-BBBD-F66D9746A1D8}
	EndGlobalSection
	GlobalSection(ExtensibilityGlobals) = postSolution
		SolutionGuid = {6C4001A3-C1B3-444C-9B46-DA60BDD33429}
	EndGlobalSection
EndGlobal
